
Microsoft Visual Studio Solution File, Format Version 11.00
# Visual Studio 2010
Project("{FAE04EC0-301F-11D3-BF4B-00C04F79EFBC}") = "SFDQ", "Assembly-CSharp.csproj", "{1DDAA9CF-E1B3-5033-9BA2-38292D19842E}"
EndProject
Project("{FAE04EC0-301F-11D3-BF4B-00C04F79EFBC}") = "SFDQ", "Assembly-CSharp-Editor.csproj", "{68DBF7A4-6F6C-4D55-C6ED-99C3F67EB273}"
EndProject
Global
	GlobalSection(SolutionConfigurationPlatforms) = preSolution
		Debug|Any CPU = Debug|Any CPU
		Release|Any CPU = Release|Any CPU
	EndGlobalSection
	GlobalSection(ProjectConfigurationPlatforms) = postSolution
		{1DDAA9CF-E1B3-5033-9BA2-38292D19842E}.Debug|Any CPU.ActiveCfg = Debug|Any CPU
		{1DDAA9CF-E1B3-5033-9BA2-38292D19842E}.Debug|Any CPU.Build.0 = Debug|Any CPU
		{1DDAA9CF-E1B3-5033-9BA2-38292D19842E}.Release|Any CPU.ActiveCfg = Release|Any CPU
		{1DDAA9CF-E1B3-5033-9BA2-38292D19842E}.Release|Any CPU.Build.0 = Release|Any CPU
		{68DBF7A4-6F6C-4D55-C6ED-99C3F67EB273}.Debug|Any CPU.ActiveCfg = Debug|Any CPU
		{68DBF7A4-6F6C-4D55-C6ED-99C3F67EB273}.Debug|Any CPU.Build.0 = Debug|Any CPU
		{68DBF7A4-6F6C-4D55-C6ED-99C3F67EB273}.Release|Any CPU.ActiveCfg = Release|Any CPU
		{68DBF7A4-6F6C-4D55-C6ED-99C3F67EB273}.Release|Any CPU.Build.0 = Release|Any CPU
	EndGlobalSection
	GlobalSection(SolutionProperties) = preSolution
		HideSolutionNode = FALSE
	EndGlobalSection
	GlobalSection(MonoDevelopProperties) = preSolution
		StartupItem = Assembly-CSharp.csproj
	EndGlobalSection
EndGlobal
